Microsoft Visual Studio Solution File, Format Version 8.00
Project("{8BC9CEB8-8B4A-11D0-8D11-00A0C91BC942}") = "ncl", "ncl\ncl.vcproj", "{D984EAB8-9C35-45F0-BB6D-A59A03781171}"
	ProjectSection(ProjectDependencies) = postProject
	EndProjectSection
EndProject
Project("{8BC9CEB8-8B4A-11D0-8D11-00A0C91BC942}") = "basiccmdline", "basiccmdline\basiccmdline.vcproj", "{A3C56DF9-D2E4-4151-92FF-EE122654FAD8}"
	ProjectSection(ProjectDependencies) = postProject
		{D984EAB8-9C35-45F0-BB6D-A59A03781171} = {D984EAB8-9C35-45F0-BB6D-A59A03781171}
	EndProjectSection
EndProject
Project("{8BC9CEB8-8B4A-11D0-8D11-00A0C91BC942}") = "ncltest", "ncltest\ncltest.vcproj", "{2C66A994-94F3-4E43-A475-B679F6D4D47A}"
	ProjectSection(ProjectDependencies) = postProject
		{D984EAB8-9C35-45F0-BB6D-A59A03781171} = {D984EAB8-9C35-45F0-BB6D-A59A03781171}
	EndProjectSection
EndProject
Project("{8BC9CEB8-8B4A-11D0-8D11-00A0C91BC942}") = "normalizer", "normalizer\normalizer.vcproj", "{E57161BE-892C-413E-B0E9-7C9D743F34E3}"
	ProjectSection(ProjectDependencies) = postProject
		{D984EAB8-9C35-45F0-BB6D-A59A03781171} = {D984EAB8-9C35-45F0-BB6D-A59A03781171}
	EndProjectSection
EndProject
Global
	GlobalSection(SolutionConfiguration) = preSolution
		Debug = Debug
		Release = Release
	EndGlobalSection
	GlobalSection(ProjectDependencies) = postSolution
	EndGlobalSection
	GlobalSection(ProjectConfiguration) = postSolution
		{D984EAB8-9C35-45F0-BB6D-A59A03781171}.Debug.ActiveCfg = Debug|Win32
		{D984EAB8-9C35-45F0-BB6D-A59A03781171}.Debug.Build.0 = Debug|Win32
		{D984EAB8-9C35-45F0-BB6D-A59A03781171}.Release.ActiveCfg = Release|Win32
		{D984EAB8-9C35-45F0-BB6D-A59A03781171}.Release.Build.0 = Release|Win32
		{A3C56DF9-D2E4-4151-92FF-EE122654FAD8}.Debug.ActiveCfg = Debug|Win32
		{A3C56DF9-D2E4-4151-92FF-EE122654FAD8}.Debug.Build.0 = Debug|Win32
		{A3C56DF9-D2E4-4151-92FF-EE122654FAD8}.Release.ActiveCfg = Release|Win32
		{A3C56DF9-D2E4-4151-92FF-EE122654FAD8}.Release.Build.0 = Release|Win32
		{2C66A994-94F3-4E43-A475-B679F6D4D47A}.Debug.ActiveCfg = Debug|Win32
		{2C66A994-94F3-4E43-A475-B679F6D4D47A}.Debug.Build.0 = Debug|Win32
		{2C66A994-94F3-4E43-A475-B679F6D4D47A}.Release.ActiveCfg = Release|Win32
		{2C66A994-94F3-4E43-A475-B679F6D4D47A}.Release.Build.0 = Release|Win32
		{E57161BE-892C-413E-B0E9-7C9D743F34E3}.Debug.ActiveCfg = Debug|Win32
		{E57161BE-892C-413E-B0E9-7C9D743F34E3}.Debug.Build.0 = Debug|Win32
		{E57161BE-892C-413E-B0E9-7C9D743F34E3}.Release.ActiveCfg = Release|Win32
		{E57161BE-892C-413E-B0E9-7C9D743F34E3}.Release.Build.0 = Release|Win32
	EndGlobalSection
	GlobalSection(ExtensibilityGlobals) = postSolution
	EndGlobalSection
	GlobalSection(ExtensibilityAddIns) = postSolution
	EndGlobalSection
EndGlobal
